{
  "name": "messenger-contract",
  "version": "1.0.0",
  "lockfileVersion": 2,
  "requires": true,
  "packages": {
    "": {
      "name": "messenger-contract",
      "version": "1.0.0",
      "license": "ISC",
      "workspaces": [
        "package/client",
        "package/contract"
      ]
    },
    "node_modules/client": {
      "resolved": "package/client",
      "link": true
    },
    "node_modules/contract": {
      "resolved": "package/contract",
      "link": true
    },
    "package/client": {
      "version": "1.0.0",
      "license": "ISC"
    },
    "package/contract": {
      "version": "1.0.0",
      "license": "ISC",
      "devDependencies": {}
    }
  },
  "dependencies": {
    "client": {
      "version": "file:package/client"
    },
    "contract": {
      "version": "file:package/contract"
    }
  }
}
